
Microsoft Visual Studio Solution File, Format Version 12.00
# Visual Studio Version 16
VisualStudioVersion = 16.0.31105.61
MinimumVisualStudioVersion = 10.0.40219.1
Project("{FAE04EC0-301F-11D3-BF4B-00C04F79EFBC}") = "assignment7", "assignment7.csproj", "{FA85AA53-CA91-47C8-B594-889F0186B58B}"
EndProject
Global
	GlobalSection(SolutionConfigurationPlatforms) = preSolution
		Debug|Any CPU = Debug|Any CPU
		Release|Any CPU = Release|Any CPU
	EndGlobalSection
	GlobalSection(ProjectConfigurationPlatforms) = postSolution
		{FA85AA53-CA91-47C8-B594-889F0186B58B}.Debug|Any CPU.ActiveCfg = Debug|Any CPU
		{FA85AA53-CA91-47C8-B594-889F0186B58B}.Debug|Any CPU.Build.0 = Debug|Any CPU
		{FA85AA53-CA91-47C8-B594-889F0186B58B}.Release|Any CPU.ActiveCfg = Release|Any CPU
		{FA85AA53-CA91-47C8-B594-889F0186B58B}.Release|Any CPU.Build.0 = Release|Any CPU
	EndGlobalSection
	GlobalSection(SolutionProperties) = preSolution
		HideSolutionNode = FALSE
	EndGlobalSection
	GlobalSection(ExtensibilityGlobals) = postSolution
		SolutionGuid = {7955840D-8F23-4B5A-A354-48CBBC8A89FC}
	EndGlobalSection
EndGlobal
