
Microsoft Visual Studio Solution File, Format Version 12.00
# Visual Studio Version 16
VisualStudioVersion = 16.0.30611.23
MinimumVisualStudioVersion = 10.0.40219.1
Project("{FAE04EC0-301F-11D3-BF4B-00C04F79EFBC}") = "Assignment2", "Assignment2\Assignment2.csproj", "{C974981F-F834-4FA2-8343-A8853071C049}"
EndProject
Global
	GlobalSection(SolutionConfigurationPlatforms) = preSolution
		Debug|Any CPU = Debug|Any CPU
		Release|Any CPU = Release|Any CPU
	EndGlobalSection
	GlobalSection(ProjectConfigurationPlatforms) = postSolution
		{C974981F-F834-4FA2-8343-A8853071C049}.Debug|Any CPU.ActiveCfg = Debug|Any CPU
		{C974981F-F834-4FA2-8343-A8853071C049}.Debug|Any CPU.Build.0 = Debug|Any CPU
		{C974981F-F834-4FA2-8343-A8853071C049}.Release|Any CPU.ActiveCfg = Release|Any CPU
		{C974981F-F834-4FA2-8343-A8853071C049}.Release|Any CPU.Build.0 = Release|Any CPU
	EndGlobalSection
	GlobalSection(SolutionProperties) = preSolution
		HideSolutionNode = FALSE
	EndGlobalSection
	GlobalSection(ExtensibilityGlobals) = postSolution
		SolutionGuid = {9802C047-3D6B-4CC4-8F0B-445592354064}
	EndGlobalSection
EndGlobal
